
Microsoft Visual Studio Solution File, Format Version 12.00
# Visual Studio Version 17
VisualStudioVersion = 17.6.33829.357
MinimumVisualStudioVersion = 10.0.40219.1
Project("{9A19103F-16F7-4668-BE54-9A1E7A4F7556}") = "EZSS", "EZSSApp\EZSS.csproj", "{28427463-A987-45C7-A68C-EF4F58CCF301}"
EndProject
Global
	GlobalSection(SolutionConfigurationPlatforms) = preSolution
		Debug|Any CPU = Debug|Any CPU
		Release|Any CPU = Release|Any CPU
	EndGlobalSection
	GlobalSection(ProjectConfigurationPlatforms) = postSolution
		{28427463-A987-45C7-A68C-EF4F58CCF301}.Debug|Any CPU.ActiveCfg = Debug|Any CPU
		{28427463-A987-45C7-A68C-EF4F58CCF301}.Debug|Any CPU.Build.0 = Debug|Any CPU
		{28427463-A987-45C7-A68C-EF4F58CCF301}.Release|Any CPU.ActiveCfg = Release|Any CPU
		{28427463-A987-45C7-A68C-EF4F58CCF301}.Release|Any CPU.Build.0 = Release|Any CPU
	EndGlobalSection
	GlobalSection(SolutionProperties) = preSolution
		HideSolutionNode = FALSE
	EndGlobalSection
	GlobalSection(ExtensibilityGlobals) = postSolution
		SolutionGuid = {15B65E4F-6BAB-411F-84A2-9FBF3D39A758}
	EndGlobalSection
EndGlobal
